
Microsoft Visual Studio Solution File, Format Version 12.00
# Visual Studio Version 17
VisualStudioVersion = 17.14.36414.22 d17.14
MinimumVisualStudioVersion = 10.0.40219.1
Project("{FAE04EC0-301F-11D3-BF4B-00C04F79EFBC}") = "Colecciones", "Biblioteca\Colecciones.csproj", "{CA2C2460-25F4-4BD6-870C-76C781A56532}"
EndProject
Global
	GlobalSection(SolutionConfigurationPlatforms) = preSolution
		Debug|Any CPU = Debug|Any CPU
		Release|Any CPU = Release|Any CPU
	EndGlobalSection
	GlobalSection(ProjectConfigurationPlatforms) = postSolution
		{CA2C2460-25F4-4BD6-870C-76C781A56532}.Debug|Any CPU.ActiveCfg = Debug|Any CPU
		{CA2C2460-25F4-4BD6-870C-76C781A56532}.Debug|Any CPU.Build.0 = Debug|Any CPU
		{CA2C2460-25F4-4BD6-870C-76C781A56532}.Release|Any CPU.ActiveCfg = Release|Any CPU
		{CA2C2460-25F4-4BD6-870C-76C781A56532}.Release|Any CPU.Build.0 = Release|Any CPU
	EndGlobalSection
	GlobalSection(SolutionProperties) = preSolution
		HideSolutionNode = FALSE
	EndGlobalSection
	GlobalSection(ExtensibilityGlobals) = postSolution
		SolutionGuid = {5972E451-A26D-4B52-8F20-3CF8E75BD4FC}
	EndGlobalSection
EndGlobal
